
Microsoft Visual Studio Solution File, Format Version 12.00
# Visual Studio Version 17
VisualStudioVersion = 17.14.36408.4 d17.14
MinimumVisualStudioVersion = 10.0.40219.1
Project("{FAE04EC0-301F-11D3-BF4B-00C04F79EFBC}") = "API-REST", "API-REST.csproj", "{EE432021-BD09-4279-805E-5A2F4CBC3027}"
EndProject
Global
	GlobalSection(SolutionConfigurationPlatforms) = preSolution
		Debug|Any CPU = Debug|Any CPU
		Release|Any CPU = Release|Any CPU
	EndGlobalSection
	GlobalSection(ProjectConfigurationPlatforms) = postSolution
		{EE432021-BD09-4279-805E-5A2F4CBC3027}.Debug|Any CPU.ActiveCfg = Debug|Any CPU
		{EE432021-BD09-4279-805E-5A2F4CBC3027}.Debug|Any CPU.Build.0 = Debug|Any CPU
		{EE432021-BD09-4279-805E-5A2F4CBC3027}.Release|Any CPU.ActiveCfg = Release|Any CPU
		{EE432021-BD09-4279-805E-5A2F4CBC3027}.Release|Any CPU.Build.0 = Release|Any CPU
	EndGlobalSection
	GlobalSection(SolutionProperties) = preSolution
		HideSolutionNode = FALSE
	EndGlobalSection
	GlobalSection(ExtensibilityGlobals) = postSolution
		SolutionGuid = {28F50DAF-C9F1-465B-B2CB-B5EAFA9329BD}
	EndGlobalSection
EndGlobal
